
Microsoft Visual Studio Solution File, Format Version 12.00
# Visual Studio Version 16
VisualStudioVersion = 16.0.33027.164
MinimumVisualStudioVersion = 10.0.40219.1
Project("{9A19103F-16F7-4668-BE54-9A1E7A4F7556}") = "Trashify", "Trashify\Trashify.csproj", "{D318B7D3-4909-4118-B4F2-C429910A4DAB}"
EndProject
Global
	GlobalSection(SolutionConfigurationPlatforms) = preSolution
		Debug|Any CPU = Debug|Any CPU
		Release|Any CPU = Release|Any CPU
	EndGlobalSection
	GlobalSection(ProjectConfigurationPlatforms) = postSolution
		{D318B7D3-4909-4118-B4F2-C429910A4DAB}.Debug|Any CPU.ActiveCfg = Debug|Any CPU
		{D318B7D3-4909-4118-B4F2-C429910A4DAB}.Debug|Any CPU.Build.0 = Debug|Any CPU
		{D318B7D3-4909-4118-B4F2-C429910A4DAB}.Debug|Any CPU.Deploy.0 = Debug|Any CPU
		{D318B7D3-4909-4118-B4F2-C429910A4DAB}.Release|Any CPU.ActiveCfg = Release|Any CPU
		{D318B7D3-4909-4118-B4F2-C429910A4DAB}.Release|Any CPU.Build.0 = Release|Any CPU
		{D318B7D3-4909-4118-B4F2-C429910A4DAB}.Release|Any CPU.Deploy.0 = Release|Any CPU
	EndGlobalSection
	GlobalSection(SolutionProperties) = preSolution
		HideSolutionNode = FALSE
	EndGlobalSection
	GlobalSection(ExtensibilityGlobals) = postSolution
		SolutionGuid = {61F7FB11-1E47-470C-91E2-47F8143E1572}
	EndGlobalSection
EndGlobal
